
Microsoft Visual Studio Solution File, Format Version 12.00
# Visual Studio Version 17
VisualStudioVersion = 17.9.34723.18
MinimumVisualStudioVersion = 10.0.40219.1
Project("{FAE04EC0-301F-11D3-BF4B-00C04F79EFBC}") = "SelSender", "SelSender\SelSender.csproj", "{12B6A958-1B73-4244-99FE-1866BA8BF5D0}"
EndProject
Global
	GlobalSection(SolutionConfigurationPlatforms) = preSolution
		Debug|Any CPU = Debug|Any CPU
		Release|Any CPU = Release|Any CPU
	EndGlobalSection
	GlobalSection(ProjectConfigurationPlatforms) = postSolution
		{12B6A958-1B73-4244-99FE-1866BA8BF5D0}.Debug|Any CPU.ActiveCfg = Debug|Any CPU
		{12B6A958-1B73-4244-99FE-1866BA8BF5D0}.Debug|Any CPU.Build.0 = Debug|Any CPU
		{12B6A958-1B73-4244-99FE-1866BA8BF5D0}.Release|Any CPU.ActiveCfg = Release|Any CPU
		{12B6A958-1B73-4244-99FE-1866BA8BF5D0}.Release|Any CPU.Build.0 = Release|Any CPU
	EndGlobalSection
	GlobalSection(SolutionProperties) = preSolution
		HideSolutionNode = FALSE
	EndGlobalSection
	GlobalSection(ExtensibilityGlobals) = postSolution
		SolutionGuid = {C80D1768-CB9D-426F-AFF0-6EF9AFE85462}
	EndGlobalSection
EndGlobal
